
Microsoft Visual Studio Solution File, Format Version 12.00
# Visual Studio Version 17
VisualStudioVersion = 17.6.33829.357
MinimumVisualStudioVersion = 10.0.40219.1
Project("{9A19103F-16F7-4668-BE54-9A1E7A4F7556}") = "Bai1", "Bai1\Bai1.csproj", "{818F2841-A912-4A53-83D2-CA69C38C587A}"
EndProject
Project("{FAE04EC0-301F-11D3-BF4B-00C04F79EFBC}") = "Bai2", "Bai2\Bai2.csproj", "{8987B0FC-6933-4151-828D-9D355718B251}"
EndProject
Global
	GlobalSection(SolutionConfigurationPlatforms) = preSolution
		Debug|Any CPU = Debug|Any CPU
		Release|Any CPU = Release|Any CPU
	EndGlobalSection
	GlobalSection(ProjectConfigurationPlatforms) = postSolution
		{818F2841-A912-4A53-83D2-CA69C38C587A}.Debug|Any CPU.ActiveCfg = Debug|Any CPU
		{818F2841-A912-4A53-83D2-CA69C38C587A}.Debug|Any CPU.Build.0 = Debug|Any CPU
		{818F2841-A912-4A53-83D2-CA69C38C587A}.Release|Any CPU.ActiveCfg = Release|Any CPU
		{818F2841-A912-4A53-83D2-CA69C38C587A}.Release|Any CPU.Build.0 = Release|Any CPU
		{8987B0FC-6933-4151-828D-9D355718B251}.Debug|Any CPU.ActiveCfg = Debug|Any CPU
		{8987B0FC-6933-4151-828D-9D355718B251}.Debug|Any CPU.Build.0 = Debug|Any CPU
		{8987B0FC-6933-4151-828D-9D355718B251}.Release|Any CPU.ActiveCfg = Release|Any CPU
		{8987B0FC-6933-4151-828D-9D355718B251}.Release|Any CPU.Build.0 = Release|Any CPU
	EndGlobalSection
	GlobalSection(SolutionProperties) = preSolution
		HideSolutionNode = FALSE
	EndGlobalSection
	GlobalSection(ExtensibilityGlobals) = postSolution
		SolutionGuid = {474FB3F3-160A-40E7-A642-CEB8787AAB8B}
	EndGlobalSection
EndGlobal
